
Microsoft Visual Studio Solution File, Format Version 12.00
# Visual Studio Version 16
VisualStudioVersion = 16.0.29403.142
MinimumVisualStudioVersion = 10.0.40219.1
Project("{9A19103F-16F7-4668-BE54-9A1E7A4F7556}") = "Demo", "Demo\Demo.csproj", "{BD65FAC3-960A-410D-8760-77BF6F236733}"
EndProject
Global
	GlobalSection(SolutionConfigurationPlatforms) = preSolution
		Debug|Any CPU = Debug|Any CPU
		Deploy|Any CPU = Deploy|Any CPU
		Release|Any CPU = Release|Any CPU
	EndGlobalSection
	GlobalSection(ProjectConfigurationPlatforms) = postSolution
		{BD65FAC3-960A-410D-8760-77BF6F236733}.Debug|Any CPU.ActiveCfg = Debug|Any CPU
		{BD65FAC3-960A-410D-8760-77BF6F236733}.Debug|Any CPU.Build.0 = Debug|Any CPU
		{BD65FAC3-960A-410D-8760-77BF6F236733}.Deploy|Any CPU.ActiveCfg = Debug|Any CPU
		{BD65FAC3-960A-410D-8760-77BF6F236733}.Deploy|Any CPU.Build.0 = Debug|Any CPU
		{BD65FAC3-960A-410D-8760-77BF6F236733}.Release|Any CPU.ActiveCfg = Release|Any CPU
		{BD65FAC3-960A-410D-8760-77BF6F236733}.Release|Any CPU.Build.0 = Release|Any CPU
	EndGlobalSection
	GlobalSection(SolutionProperties) = preSolution
		HideSolutionNode = FALSE
	EndGlobalSection
	GlobalSection(ExtensibilityGlobals) = postSolution
		SolutionGuid = {96C3CA37-4B7B-4AF6-AAF8-9C583BC9FFE0}
	EndGlobalSection
EndGlobal
